
Microsoft Visual Studio Solution File, Format Version 12.00
# Visual Studio Version 16
VisualStudioVersion = 16.0.29926.136
MinimumVisualStudioVersion = 10.0.40219.1
Project("{9A19103F-16F7-4668-BE54-9A1E7A4F7556}") = "abtest", "abtest.csproj", "{17112F1D-EFB8-4E55-AF3D-462721DD44D5}"
EndProject
Global
	GlobalSection(SolutionConfigurationPlatforms) = preSolution
		Debug|Any CPU = Debug|Any CPU
		Release|Any CPU = Release|Any CPU
	EndGlobalSection
	GlobalSection(ProjectConfigurationPlatforms) = postSolution
		{17112F1D-EFB8-4E55-AF3D-462721DD44D5}.Debug|Any CPU.ActiveCfg = Debug|Any CPU
		{17112F1D-EFB8-4E55-AF3D-462721DD44D5}.Debug|Any CPU.Build.0 = Debug|Any CPU
		{17112F1D-EFB8-4E55-AF3D-462721DD44D5}.Release|Any CPU.ActiveCfg = Release|Any CPU
		{17112F1D-EFB8-4E55-AF3D-462721DD44D5}.Release|Any CPU.Build.0 = Release|Any CPU
	EndGlobalSection
	GlobalSection(SolutionProperties) = preSolution
		HideSolutionNode = FALSE
	EndGlobalSection
	GlobalSection(ExtensibilityGlobals) = postSolution
		SolutionGuid = {059AC6DF-C4FC-494C-BDBE-C968983A5E0B}
	EndGlobalSection
EndGlobal
